// !$*UTF8*$!
{
	archiveVersion = 1;
	classes = {
	};
	objectVersion = 50;
	objects = {

/* Begin PBXBuildFile section */
		49DC15582371191D00EDB7DF /* wind.png in Resources */ = {isa = PBXBuildFile; fileRef = 49DC154E2371191C00EDB7DF /* wind.png */; };
		49DC15592371191D00EDB7DF /* partly-cloudy-day.png in Resources */ = {isa = PBXBuildFile; fileRef = 49DC154F2371191C00EDB7DF /* partly-cloudy-day.png */; };
		49DC155A2371191D00EDB7DF /* cloudy.png in Resources */ = {isa = PBXBuildFile; fileRef = 49DC15502371191D00EDB7DF /* cloudy.png */; };
		49DC155B2371191D00EDB7DF /* clear-day.png in Resources */ = {isa = PBXBuildFile; fileRef = 49DC15512371191D00EDB7DF /* clear-day.png */; };
		49DC155C2371191D00EDB7DF /* clear-night.png in Resources */ = {isa = PBXBuildFile; fileRef = 49DC15522371191D00EDB7DF /* clear-night.png */; };
		49DC155D2371191D00EDB7DF /* sleet.png in Resources */ = {isa = PBXBuildFile; fileRef = 49DC15532371191D00EDB7DF /* sleet.png */; };
		49DC155E2371191D00EDB7DF /* snow.png in Resources */ = {isa = PBXBuildFile; fileRef = 49DC15542371191D00EDB7DF /* snow.png */; };
		49DC155F2371191D00EDB7DF /* fog.png in Resources */ = {isa = PBXBuildFile; fileRef = 49DC15552371191D00EDB7DF /* fog.png */; };
		49DC15602371191D00EDB7DF /* rain.png in Resources */ = {isa = PBXBuildFile; fileRef = 49DC15562371191D00EDB7DF /* rain.png */; };
		49DC15612371191D00EDB7DF /* partly-cloudy-night.png in Resources */ = {isa = PBXBuildFile; fileRef = 49DC15572371191D00EDB7DF /* partly-cloudy-night.png */; };
		49DC156323711AD300EDB7DF /* default.png in Resources */ = {isa = PBXBuildFile; fileRef = 49DC156223711AD300EDB7DF /* default.png */; };
		49DC156523711C2900EDB7DF /* detailViewController.swift in Sources */ = {isa = PBXBuildFile; fileRef = 49DC156423711C2900EDB7DF /* detailViewController.swift */; };
		49E6835F2370FF0000675470 /* AppDelegate.swift in Sources */ = {isa = PBXBuildFile; fileRef = 49E6835E2370FF0000675470 /* AppDelegate.swift */; };
		49E683612370FF0000675470 /* SceneDelegate.swift in Sources */ = {isa = PBXBuildFile; fileRef = 49E683602370FF0000675470 /* SceneDelegate.swift */; };
		49E683632370FF0000675470 /* ViewController.swift in Sources */ = {isa = PBXBuildFile; fileRef = 49E683622370FF0000675470 /* ViewController.swift */; };
		49E683662370FF0000675470 /* Main.storyboard in Resources */ = {isa = PBXBuildFile; fileRef = 49E683642370FF0000675470 /* Main.storyboard */; };
		49E683682370FF0100675470 /* Assets.xcassets in Resources */ = {isa = PBXBuildFile; fileRef = 49E683672370FF0100675470 /* Assets.xcassets */; };
		49E6836B2370FF0100675470 /* LaunchScreen.storyboard in Resources */ = {isa = PBXBuildFile; fileRef = 49E683692370FF0100675470 /* LaunchScreen.storyboard */; };
		49E683732371003200675470 /* mainWeatherTableViewCell.swift in Sources */ = {isa = PBXBuildFile; fileRef = 49E683722371003200675470 /* mainWeatherTableViewCell.swift */; };
		4F79CF83E708DBEEA4349040 /* Pods_GOAT_AmazingWeather.framework in Frameworks */ = {isa = PBXBuildFile; fileRef = 01EEC25E3EC9DD054BB7F4AE /* Pods_GOAT_AmazingWeather.framework */; };
/* End PBXBuildFile section */

/* Begin PBXFileReference section */
		01EEC25E3EC9DD054BB7F4AE /* Pods_GOAT_AmazingWeather.framework */ = {isa = PBXFileReference; explicitFileType = wrapper.framework; includeInIndex = 0; path = Pods_GOAT_AmazingWeather.framework; sourceTree = BUILT_PRODUCTS_DIR; };
		49DC154E2371191C00EDB7DF /* wind.png */ = {isa = PBXFileReference; lastKnownFileType = image.png; path = wind.png; sourceTree = "<group>"; };
		49DC154F2371191C00EDB7DF /* partly-cloudy-day.png */ = {isa = PBXFileReference; lastKnownFileType = image.png; path = "partly-cloudy-day.png"; sourceTree = "<group>"; };
		49DC15502371191D00EDB7DF /* cloudy.png */ = {isa = PBXFileReference; lastKnownFileType = image.png; path = cloudy.png; sourceTree = "<group>"; };
		49DC15512371191D00EDB7DF /* clear-day.png */ = {isa = PBXFileReference; lastKnownFileType = image.png; path = "clear-day.png"; sourceTree = "<group>"; };
		49DC15522371191D00EDB7DF /* clear-night.png */ = {isa = PBXFileReference; lastKnownFileType = image.png; path = "clear-night.png"; sourceTree = "<group>"; };
		49DC15532371191D00EDB7DF /* sleet.png */ = {isa = PBXFileReference; lastKnownFileType = image.png; path = sleet.png; sourceTree = "<group>"; };
		49DC15542371191D00EDB7DF /* snow.png */ = {isa = PBXFileReference; lastKnownFileType = image.png; path = snow.png; sourceTree = "<group>"; };
		49DC15552371191D00EDB7DF /* fog.png */ = {isa = PBXFileReference; lastKnownFileType = image.png; path = fog.png; sourceTree = "<group>"; };
		49DC15562371191D00EDB7DF /* rain.png */ = {isa = PBXFileReference; lastKnownFileType = image.png; path = rain.png; sourceTree = "<group>"; };
		49DC15572371191D00EDB7DF /* partly-cloudy-night.png */ = {isa = PBXFileReference; lastKnownFileType = image.png; path = "partly-cloudy-night.png"; sourceTree = "<group>"; };
		49DC156223711AD300EDB7DF /* default.png */ = {isa = PBXFileReference; lastKnownFileType = image.png; path = default.png; sourceTree = "<group>"; };
		49DC156423711C2900EDB7DF /* detailViewController.swift */ = {isa = PBXFileReference; lastKnownFileType = sourcecode.swift; path = detailViewController.swift; sourceTree = "<group>"; };
		49E6835B2370FF0000675470 /* GOAT-AmazingWeather.app */ = {isa = PBXFileReference; explicitFileType = wrapper.application; includeInIndex = 0; path = "GOAT-AmazingWeather.app"; sourceTree = BUILT_PRODUCTS_DIR; };
		49E6835E2370FF0000675470 /* AppDelegate.swift */ = {isa = PBXFileReference; lastKnownFileType = sourcecode.swift; path = AppDelegate.swift; sourceTree = "<group>"; };
		49E683602370FF0000675470 /* SceneDelegate.swift */ = {isa = PBXFileReference; lastKnownFileType = sourcecode.swift; path = SceneDelegate.swift; sourceTree = "<group>"; };
		49E683622370FF0000675470 /* ViewController.swift */ = {isa = PBXFileReference; lastKnownFileType = sourcecode.swift; path = ViewController.swift; sourceTree = "<group>"; };
		49E683652370FF0000675470 /* Base */ = {isa = PBXFileReference; lastKnownFileType = file.storyboard; name = Base; path = Base.lproj/Main.storyboard; sourceTree = "<group>"; };
		49E683672370FF0100675470 /* Assets.xcassets */ = {isa = PBXFileReference; lastKnownFileType = folder.assetcatalog; path = Assets.xcassets; sourceTree = "<group>"; };
		49E6836A2370FF0100675470 /* Base */ = {isa = PBXFileReference; lastKnownFileType = file.storyboard; name = Base; path = Base.lproj/LaunchScreen.storyboard; sourceTree = "<group>"; };
		49E6836C2370FF0100675470 /* Info.plist */ = {isa = PBXFileReference; lastKnownFileType = text.plist.xml; path = Info.plist; sourceTree = "<group>"; };
		49E683722371003200675470 /* mainWeatherTableViewCell.swift */ = {isa = PBXFileReference; lastKnownFileType = sourcecode.swift; path = mainWeatherTableViewCell.swift; sourceTree = "<group>"; };
		5ACF682F591130FC8694522F /* Pods-GOAT-AmazingWeather.debug.xcconfig */ = {isa = PBXFileReference; includeInIndex = 1; lastKnownFileType = text.xcconfig; name = "Pods-GOAT-AmazingWeather.debug.xcconfig"; path = "Pods/Target Support Files/Pods-GOAT-AmazingWeather/Pods-GOAT-AmazingWeather.debug.xcconfig"; sourceTree = "<group>"; };
		64D8DDE04205F272AD41D957 /* Pods-GOAT-AmazingWeather.release.xcconfig */ = {isa = PBXFileReference; includeInIndex = 1; lastKnownFileType = text.xcconfig; name = "Pods-GOAT-AmazingWeather.release.xcconfig"; path = "Pods/Target Support Files/Pods-GOAT-AmazingWeather/Pods-GOAT-AmazingWeather.release.xcconfig"; sourceTree = "<group>"; };
/* End PBXFileReference section */

/* Begin PBXFrameworksBuildPhase section */
		49E683582370FF0000675470 /* Frameworks */ = {
			isa = PBXFrameworksBuildPhase;
			buildActionMask = 2147483647;
			files = (
				4F79CF83E708DBEEA4349040 /* Pods_GOAT_AmazingWeather.framework in Frameworks */,
			);
			runOnlyForDeploymentPostprocessing = 0;
		};
/* End PBXFrameworksBuildPhase section */

/* Begin PBXGroup section */
		0AC59909995559F345ACD13F /* Pods */ = {
			isa = PBXGroup;
			children = (
				5ACF682F591130FC8694522F /* Pods-GOAT-AmazingWeather.debug.xcconfig */,
				64D8DDE04205F272AD41D957 /* Pods-GOAT-AmazingWeather.release.xcconfig */,
			);
			name = Pods;
			sourceTree = "<group>";
		};
		49DC154D2371191100EDB7DF /* icons */ = {
			isa = PBXGroup;
			children = (
				49DC156223711AD300EDB7DF /* default.png */,
				49DC15512371191D00EDB7DF /* clear-day.png */,
				49DC15522371191D00EDB7DF /* clear-night.png */,
				49DC15502371191D00EDB7DF /* cloudy.png */,
				49DC15552371191D00EDB7DF /* fog.png */,
				49DC154F2371191C00EDB7DF /* partly-cloudy-day.png */,
				49DC15572371191D00EDB7DF /* partly-cloudy-night.png */,
				49DC15562371191D00EDB7DF /* rain.png */,
				49DC15532371191D00EDB7DF /* sleet.png */,
				49DC15542371191D00EDB7DF /* snow.png */,
				49DC154E2371191C00EDB7DF /* wind.png */,
			);
			path = icons;
			sourceTree = "<group>";
		};
		49E683522370FF0000675470 = {
			isa = PBXGroup;
			children = (
				49E6835D2370FF0000675470 /* GOAT-AmazingWeather */,
				49E6835C2370FF0000675470 /* Products */,
				0AC59909995559F345ACD13F /* Pods */,
				A13D5B72A4610BEA067FFFC3 /* Frameworks */,
			);
			sourceTree = "<group>";
		};
		49E6835C2370FF0000675470 /* Products */ = {
			isa = PBXGroup;
			children = (
				49E6835B2370FF0000675470 /* GOAT-AmazingWeather.app */,
			);
			name = Products;
			sourceTree = "<group>";
		};
		49E6835D2370FF0000675470 /* GOAT-AmazingWeather */ = {
			isa = PBXGroup;
			children = (
				49E6835E2370FF0000675470 /* AppDelegate.swift */,
				49E683602370FF0000675470 /* SceneDelegate.swift */,
				49E683722371003200675470 /* mainWeatherTableViewCell.swift */,
				49E683622370FF0000675470 /* ViewController.swift */,
				49DC156423711C2900EDB7DF /* detailViewController.swift */,
				49E683642370FF0000675470 /* Main.storyboard */,
				49E683672370FF0100675470 /* Assets.xcassets */,
				49DC154D2371191100EDB7DF /* icons */,
				49E683692370FF0100675470 /* LaunchScreen.storyboard */,
				49E6836C2370FF0100675470 /* Info.plist */,
			);
			path = "GOAT-AmazingWeather";
			sourceTree = "<group>";
		};
		A13D5B72A4610BEA067FFFC3 /* Frameworks */ = {
			isa = PBXGroup;
			children = (
				01EEC25E3EC9DD054BB7F4AE /* Pods_GOAT_AmazingWeather.framework */,
			);
			name = Frameworks;
			sourceTree = "<group>";
		};
/* End PBXGroup section */

/* Begin PBXNativeTarget section */
		49E6835A2370FF0000675470 /* GOAT-AmazingWeather */ = {
			isa = PBXNativeTarget;
			buildConfigurationList = 49E6836F2370FF0100675470 /* Build configuration list for PBXNativeTarget "GOAT-AmazingWeather" */;
			buildPhases = (
				718497D2AC327214633DDEFF /* [CP] Check Pods Manifest.lock */,
				49E683572370FF0000675470 /* Sources */,
				49E683582370FF0000675470 /* Frameworks */,
				49E683592370FF0000675470 /* Resources */,
				03CD8C2DD5F32034245E6DE6 /* [CP] Embed Pods Frameworks */,
			);
			buildRules = (
			);
			dependencies = (
			);
			name = "GOAT-AmazingWeather";
			productName = "GOAT-AmazingWeather";
			productReference = 49E6835B2370FF0000675470 /* GOAT-AmazingWeather.app */;
			productType = "com.apple.product-type.application";
		};
/* End PBXNativeTarget section */

/* Begin PBXProject section */
		49E683532370FF0000675470 /* Project object */ = {
			isa = PBXProject;
			attributes = {
				LastSwiftUpdateCheck = 1120;
				LastUpgradeCheck = 1120;
				ORGANIZATIONNAME = "Sponty, LLC";
				TargetAttributes = {
					49E6835A2370FF0000675470 = {
						CreatedOnToolsVersion = 11.2;
					};
				};
			};
			buildConfigurationList = 49E683562370FF0000675470 /* Build configuration list for PBXProject "GOAT-AmazingWeather" */;
			compatibilityVersion = "Xcode 9.3";
			developmentRegion = en;
			hasScannedForEncodings = 0;
			knownRegions = (
				en,
				Base,
			);
			mainGroup = 49E683522370FF0000675470;
			productRefGroup = 49E6835C2370FF0000675470 /* Products */;
			projectDirPath = "";
			projectRoot = "";
			targets = (
				49E6835A2370FF0000675470 /* GOAT-AmazingWeather */,
			);
		};
/* End PBXProject section */

/* Begin PBXResourcesBuildPhase section */
		49E683592370FF0000675470 /* Resources */ = {
			isa = PBXResourcesBuildPhase;
			buildActionMask = 2147483647;
			files = (
				49DC155C2371191D00EDB7DF /* clear-night.png in Resources */,
				49DC155D2371191D00EDB7DF /* sleet.png in Resources */,
				49E6836B2370FF0100675470 /* LaunchScreen.storyboard in Resources */,
				49DC155A2371191D00EDB7DF /* cloudy.png in Resources */,
				49DC15592371191D00EDB7DF /* partly-cloudy-day.png in Resources */,
				49DC15602371191D00EDB7DF /* rain.png in Resources */,
				49DC155B2371191D00EDB7DF /* clear-day.png in Resources */,
				49DC155E2371191D00EDB7DF /* snow.png in Resources */,
				49DC15612371191D00EDB7DF /* partly-cloudy-night.png in Resources */,
				49DC156323711AD300EDB7DF /* default.png in Resources */,
				49DC155F2371191D00EDB7DF /* fog.png in Resources */,
				49DC15582371191D00EDB7DF /* wind.png in Resources */,
				49E683682370FF0100675470 /* Assets.xcassets in Resources */,
				49E683662370FF0000675470 /* Main.storyboard in Resources */,
			);
			runOnlyForDeploymentPostprocessing = 0;
		};
/* End PBXResourcesBuildPhase section */

/* Begin PBXShellScriptBuildPhase section */
		03CD8C2DD5F32034245E6DE6 /* [CP] Embed Pods Frameworks */ = {
			isa = PBXShellScriptBuildPhase;
			buildActionMask = 2147483647;
			files = (
			);
			inputPaths = (
				"${SRCROOT}/Pods/Target Support Files/Pods-GOAT-AmazingWeather/Pods-GOAT-AmazingWeather-frameworks.sh",
				"${BUILT_PRODUCTS_DIR}/Alamofire/Alamofire.framework",
			);
			name = "[CP] Embed Pods Frameworks";
			outputPaths = (
				"${TARGET_BUILD_DIR}/${FRAMEWORKS_FOLDER_PATH}/Alamofire.framework",
			);
			runOnlyForDeploymentPostprocessing = 0;
			shellPath = /bin/sh;
			shellScript = "\"${SRCROOT}/Pods/Target Support Files/Pods-GOAT-AmazingWeather/Pods-GOAT-AmazingWeather-frameworks.sh\"\n";
			showEnvVarsInLog = 0;
		};
		718497D2AC327214633DDEFF /* [CP] Check Pods Manifest.lock */ = {
			isa = PBXShellScriptBuildPhase;
			buildActionMask = 2147483647;
			files = (
			);
			inputPaths = (
				"${PODS_PODFILE_DIR_PATH}/Podfile.lock",
				"${PODS_ROOT}/Manifest.lock",
			);
			name = "[CP] Check Pods Manifest.lock";
			outputPaths = (
				"$(DERIVED_FILE_DIR)/Pods-GOAT-AmazingWeather-checkManifestLockResult.txt",
			);
			runOnlyForDeploymentPostprocessing = 0;
			shellPath = /bin/sh;
			shellScript = "diff \"${PODS_PODFILE_DIR_PATH}/Podfile.lock\" \"${PODS_ROOT}/Manifest.lock\" > /dev/null\nif [ $? != 0 ] ; then\n    # print error to STDERR\n    echo \"error: The sandbox is not in sync with the Podfile.lock. Run 'pod install' or update your CocoaPods installation.\" >&2\n    exit 1\nfi\n# This output is used by Xcode 'outputs' to avoid re-running this script phase.\necho \"SUCCESS\" > \"${SCRIPT_OUTPUT_FILE_0}\"\n";
			showEnvVarsInLog = 0;
		};
/* End PBXShellScriptBuildPhase section */

/* Begin PBXSourcesBuildPhase section */
		49E683572370FF0000675470 /* Sources */ = {
			isa = PBXSourcesBuildPhase;
			buildActionMask = 2147483647;
			files = (
				49E683632370FF0000675470 /* ViewController.swift in Sources */,
				49E683732371003200675470 /* mainWeatherTableViewCell.swift in Sources */,
				49E6835F2370FF0000675470 /* AppDelegate.swift in Sources */,
				49DC156523711C2900EDB7DF /* detailViewController.swift in Sources */,
				49E683612370FF0000675470 /* SceneDelegate.swift in Sources */,
			);
			runOnlyForDeploymentPostprocessing = 0;
		};
/* End PBXSourcesBuildPhase section */

/* Begin PBXVariantGroup section */
		49E683642370FF0000675470 /* Main.storyboard */ = {
			isa = PBXVariantGroup;
			children = (
				49E683652370FF0000675470 /* Base */,
			);
			name = Main.storyboard;
			sourceTree = "<group>";
		};
		49E683692370FF0100675470 /* LaunchScreen.storyboard */ = {
			isa = PBXVariantGroup;
			children = (
				49E6836A2370FF0100675470 /* Base */,
			);
			name = LaunchScreen.storyboard;
			sourceTree = "<group>";
		};
/* End PBXVariantGroup section */

/* Begin XCBuildConfiguration section */
		49E6836D2370FF0100675470 /* Debug */ = {
			isa = XCBuildConfiguration;
			buildSettings = {
				ALWAYS_SEARCH_USER_PATHS = NO;
				CLANG_ANALYZER_NONNULL = YES;
				CLANG_ANALYZER_NUMBER_OBJECT_CONVERSION = YES_AGGRESSIVE;
				CLANG_CXX_LANGUAGE_STANDARD = "gnu++14";
				CLANG_CXX_LIBRARY = "libc++";
				CLANG_ENABLE_MODULES = YES;
				CLANG_ENABLE_OBJC_ARC = YES;
				CLANG_ENABLE_OBJC_WEAK = YES;
				CLANG_WARN_BLOCK_CAPTURE_AUTORELEASING = YES;
				CLANG_WARN_BOOL_CONVERSION = YES;
				CLANG_WARN_COMMA = YES;
				CLANG_WARN_CONSTANT_CONVERSION = YES;
				CLANG_WARN_DEPRECATED_OBJC_IMPLEMENTATIONS = YES;
				CLANG_WARN_DIRECT_OBJC_ISA_USAGE = YES_ERROR;
				CLANG_WARN_DOCUMENTATION_COMMENTS = YES;
				CLANG_WARN_EMPTY_BODY = YES;
				CLANG_WARN_ENUM_CONVERSION = YES;
				CLANG_WARN_INFINITE_RECURSION = YES;
				CLANG_WARN_INT_CONVERSION = YES;
				CLANG_WARN_NON_LITERAL_NULL_CONVERSION = YES;
				CLANG_WARN_OBJC_IMPLICIT_RETAIN_SELF = YES;
				CLANG_WARN_OBJC_LITERAL_CONVERSION = YES;
				CLANG_WARN_OBJC_ROOT_CLASS = YES_ERROR;
				CLANG_WARN_RANGE_LOOP_ANALYSIS = YES;
				CLANG_WARN_STRICT_PROTOTYPES = YES;
				CLANG_WARN_SUSPICIOUS_MOVE = YES;
				CLANG_WARN_UNGUARDED_AVAILABILITY = YES_AGGRESSIVE;
				CLANG_WARN_UNREACHABLE_CODE = YES;
				CLANG_WARN__DUPLICATE_METHOD_MATCH = YES;
				COPY_PHASE_STRIP = NO;
				DEBUG_INFORMATION_FORMAT = dwarf;
				ENABLE_STRICT_OBJC_MSGSEND = YES;
				ENABLE_TESTABILITY = YES;
				GCC_C_LANGUAGE_STANDARD = gnu11;
				GCC_DYNAMIC_NO_PIC = NO;
				GCC_NO_COMMON_BLOCKS = YES;
				GCC_OPTIMIZATION_LEVEL = 0;
				GCC_PREPROCESSOR_DEFINITIONS = (
					"DEBUG=1",
					"$(inherited)",
				);
				GCC_WARN_64_TO_32_BIT_CONVERSION = YES;
				GCC_WARN_ABOUT_RETURN_TYPE = YES_ERROR;
				GCC_WARN_UNDECLARED_SELECTOR = YES;
				GCC_WARN_UNINITIALIZED_AUTOS = YES_AGGRESSIVE;
				GCC_WARN_UNUSED_FUNCTION = YES;
				GCC_WARN_UNUSED_VARIABLE = YES;
				IPHONEOS_DEPLOYMENT_TARGET = 13.2;
				MTL_ENABLE_DEBUG_INFO = INCLUDE_SOURCE;
				MTL_FAST_MATH = YES;
				ONLY_ACTIVE_ARCH = YES;
				SDKROOT = iphoneos;
				SWIFT_ACTIVE_COMPILATION_CONDITIONS = DEBUG;
				SWIFT_OPTIMIZATION_LEVEL = "-Onone";
			};
			name = Debug;
		};
		49E6836E2370FF0100675470 /* Release */ = {
			isa = XCBuildConfiguration;
			buildSettings = {
				ALWAYS_SEARCH_USER_PATHS = NO;
				CLANG_ANALYZER_NONNULL = YES;
				CLANG_ANALYZER_NUMBER_OBJECT_CONVERSION = YES_AGGRESSIVE;
				CLANG_CXX_LANGUAGE_STANDARD = "gnu++14";
				CLANG_CXX_LIBRARY = "libc++";
				CLANG_ENABLE_MODULES = YES;
				CLANG_ENABLE_OBJC_ARC = YES;
				CLANG_ENABLE_OBJC_WEAK = YES;
				CLANG_WARN_BLOCK_CAPTURE_AUTORELEASING = YES;
				CLANG_WARN_BOOL_CONVERSION = YES;
				CLANG_WARN_COMMA = YES;
				CLANG_WARN_CONSTANT_CONVERSION = YES;
				CLANG_WARN_DEPRECATED_OBJC_IMPLEMENTATIONS = YES;
				CLANG_WARN_DIRECT_OBJC_ISA_USAGE = YES_ERROR;
				CLANG_WARN_DOCUMENTATION_COMMENTS = YES;
				CLANG_WARN_EMPTY_BODY = YES;
				CLANG_WARN_ENUM_CONVERSION = YES;
				CLANG_WARN_INFINITE_RECURSION = YES;
				CLANG_WARN_INT_CONVERSION = YES;
				CLANG_WARN_NON_LITERAL_NULL_CONVERSION = YES;
				CLANG_WARN_OBJC_IMPLICIT_RETAIN_SELF = YES;
				CLANG_WARN_OBJC_LITERAL_CONVERSION = YES;
				CLANG_WARN_OBJC_ROOT_CLASS = YES_ERROR;
				CLANG_WARN_RANGE_LOOP_ANALYSIS = YES;
				CLANG_WARN_STRICT_PROTOTYPES = YES;
				CLANG_WARN_SUSPICIOUS_MOVE = YES;
				CLANG_WARN_UNGUARDED_AVAILABILITY = YES_AGGRESSIVE;
				CLANG_WARN_UNREACHABLE_CODE = YES;
				CLANG_WARN__DUPLICATE_METHOD_MATCH = YES;
				COPY_PHASE_STRIP = NO;
				DEBUG_INFORMATION_FORMAT = "dwarf-with-dsym";
				ENABLE_NS_ASSERTIONS = NO;
				ENABLE_STRICT_OBJC_MSGSEND = YES;
				GCC_C_LANGUAGE_STANDARD = gnu11;
				GCC_NO_COMMON_BLOCKS = YES;
				GCC_WARN_64_TO_32_BIT_CONVERSION = YES;
				GCC_WARN_ABOUT_RETURN_TYPE = YES_ERROR;
				GCC_WARN_UNDECLARED_SELECTOR = YES;
				GCC_WARN_UNINITIALIZED_AUTOS = YES_AGGRESSIVE;
				GCC_WARN_UNUSED_FUNCTION = YES;
				GCC_WARN_UNUSED_VARIABLE = YES;
				IPHONEOS_DEPLOYMENT_TARGET = 13.2;
				MTL_ENABLE_DEBUG_INFO = NO;
				MTL_FAST_MATH = YES;
				SDKROOT = iphoneos;
				SWIFT_COMPILATION_MODE = wholemodule;
				SWIFT_OPTIMIZATION_LEVEL = "-O";
				VALIDATE_PRODUCT = YES;
			};
			name = Release;
		};
		49E683702370FF0100675470 /* Debug */ = {
			isa = XCBuildConfiguration;
			baseConfigurationReference = 5ACF682F591130FC8694522F /* Pods-GOAT-AmazingWeather.debug.xcconfig */;
			buildSettings = {
				ASSETCATALOG_COMPILER_APPICON_NAME = AppIcon;
				CODE_SIGN_STYLE = Automatic;
				DEVELOPMENT_TEAM = JW5HT88C99;
				INFOPLIST_FILE = "GOAT-AmazingWeather/Info.plist";
				IPHONEOS_DEPLOYMENT_TARGET = 13.0;
				LD_RUNPATH_SEARCH_PATHS = (
					"$(inherited)",
					"@executable_path/Frameworks",
				);
				PRODUCT_BUNDLE_IDENTIFIER = "co.sponty.GOAT-AmazingWeather";
				PRODUCT_NAME = "$(TARGET_NAME)";
				SWIFT_VERSION = 5.0;
				TARGETED_DEVICE_FAMILY = "1,2";
			};
			name = Debug;
		};
		49E683712370FF0100675470 /* Release */ = {
			isa = XCBuildConfiguration;
			baseConfigurationReference = 64D8DDE04205F272AD41D957 /* Pods-GOAT-AmazingWeather.release.xcconfig */;
			buildSettings = {
				ASSETCATALOG_COMPILER_APPICON_NAME = AppIcon;
				CODE_SIGN_STYLE = Automatic;
				DEVELOPMENT_TEAM = JW5HT88C99;
				INFOPLIST_FILE = "GOAT-AmazingWeather/Info.plist";
				IPHONEOS_DEPLOYMENT_TARGET = 13.0;
				LD_RUNPATH_SEARCH_PATHS = (
					"$(inherited)",
					"@executable_path/Frameworks",
				);
				PRODUCT_BUNDLE_IDENTIFIER = "co.sponty.GOAT-AmazingWeather";
				PRODUCT_NAME = "$(TARGET_NAME)";
				SWIFT_VERSION = 5.0;
				TARGETED_DEVICE_FAMILY = "1,2";
			};
			name = Release;
		};
/* End XCBuildConfiguration section */

/* Begin XCConfigurationList section */
		49E683562370FF0000675470 /* Build configuration list for PBXProject "GOAT-AmazingWeather" */ = {
			isa = XCConfigurationList;
			buildConfigurations = (
				49E6836D2370FF0100675470 /* Debug */,
				49E6836E2370FF0100675470 /* Release */,
			);
			defaultConfigurationIsVisible = 0;
			defaultConfigurationName = Release;
		};
		49E6836F2370FF0100675470 /* Build configuration list for PBXNativeTarget "GOAT-AmazingWeather" */ = {
			isa = XCConfigurationList;
			buildConfigurations = (
				49E683702370FF0100675470 /* Debug */,
				49E683712370FF0100675470 /* Release */,
			);
			defaultConfigurationIsVisible = 0;
			defaultConfigurationName = Release;
		};
/* End XCConfigurationList section */
	};
	rootObject = 49E683532370FF0000675470 /* Project object */;
}
